
Microsoft Visual Studio Solution File, Format Version 12.00
Project("{FAE04EC0-301F-11D3-BF4B-00C04F79EFBC}") = "GraphService", "GraphService\GraphService.csproj", "{3C4ECEFB-37D0-4BDB-BDFF-E1016B268AEB}"
EndProject
Project("{FAE04EC0-301F-11D3-BF4B-00C04F79EFBC}") = "BFSService", "BFSService\BFSService.csproj", "{58199D87-F7EA-4BC7-B29B-A7E3D21893F6}"
EndProject
Project("{FAE04EC0-301F-11D3-BF4B-00C04F79EFBC}") = "EdmondsKarpService", "EdmondsKarpService\EdmondsKarpService.csproj", "{CF642F6B-5A94-4905-9874-C0F9B4448403}"
EndProject
Project("{FAE04EC0-301F-11D3-BF4B-00C04F79EFBC}") = "PushRelabelService", "PushRelabelService\PushRelabelService.csproj", "{5040F584-947A-4B1E-9D0D-0335CFE979A6}"
EndProject
Global
	GlobalSection(SolutionConfigurationPlatforms) = preSolution
		Debug|Any CPU = Debug|Any CPU
		Release|Any CPU = Release|Any CPU
	EndGlobalSection
	GlobalSection(ProjectConfigurationPlatforms) = postSolution
		{3C4ECEFB-37D0-4BDB-BDFF-E1016B268AEB}.Debug|Any CPU.ActiveCfg = Debug|Any CPU
		{3C4ECEFB-37D0-4BDB-BDFF-E1016B268AEB}.Debug|Any CPU.Build.0 = Debug|Any CPU
		{3C4ECEFB-37D0-4BDB-BDFF-E1016B268AEB}.Release|Any CPU.ActiveCfg = Release|Any CPU
		{3C4ECEFB-37D0-4BDB-BDFF-E1016B268AEB}.Release|Any CPU.Build.0 = Release|Any CPU
		{58199D87-F7EA-4BC7-B29B-A7E3D21893F6}.Debug|Any CPU.ActiveCfg = Debug|Any CPU
		{58199D87-F7EA-4BC7-B29B-A7E3D21893F6}.Debug|Any CPU.Build.0 = Debug|Any CPU
		{58199D87-F7EA-4BC7-B29B-A7E3D21893F6}.Release|Any CPU.ActiveCfg = Release|Any CPU
		{58199D87-F7EA-4BC7-B29B-A7E3D21893F6}.Release|Any CPU.Build.0 = Release|Any CPU
		{CF642F6B-5A94-4905-9874-C0F9B4448403}.Debug|Any CPU.ActiveCfg = Debug|Any CPU
		{CF642F6B-5A94-4905-9874-C0F9B4448403}.Debug|Any CPU.Build.0 = Debug|Any CPU
		{CF642F6B-5A94-4905-9874-C0F9B4448403}.Release|Any CPU.ActiveCfg = Release|Any CPU
		{CF642F6B-5A94-4905-9874-C0F9B4448403}.Release|Any CPU.Build.0 = Release|Any CPU
		{5040F584-947A-4B1E-9D0D-0335CFE979A6}.Debug|Any CPU.ActiveCfg = Debug|Any CPU
		{5040F584-947A-4B1E-9D0D-0335CFE979A6}.Debug|Any CPU.Build.0 = Debug|Any CPU
		{5040F584-947A-4B1E-9D0D-0335CFE979A6}.Release|Any CPU.ActiveCfg = Release|Any CPU
		{5040F584-947A-4B1E-9D0D-0335CFE979A6}.Release|Any CPU.Build.0 = Release|Any CPU
	EndGlobalSection
EndGlobal
