
Microsoft Visual Studio Solution File, Format Version 12.00
Project("{FAE04EC0-301F-11D3-BF4B-00C04F79EFBC}") = "ResearchProjectMonolith.NET", "ResearchProjectMonolith.NET\ResearchProjectMonolith.NET.csproj", "{E3FA9B37-2D80-46D7-817B-CF62CFC6C0DF}"
EndProject
Global
	GlobalSection(SolutionConfigurationPlatforms) = preSolution
		Debug|Any CPU = Debug|Any CPU
		Release|Any CPU = Release|Any CPU
	EndGlobalSection
	GlobalSection(ProjectConfigurationPlatforms) = postSolution
		{E3FA9B37-2D80-46D7-817B-CF62CFC6C0DF}.Debug|Any CPU.ActiveCfg = Debug|Any CPU
		{E3FA9B37-2D80-46D7-817B-CF62CFC6C0DF}.Debug|Any CPU.Build.0 = Debug|Any CPU
		{E3FA9B37-2D80-46D7-817B-CF62CFC6C0DF}.Release|Any CPU.ActiveCfg = Release|Any CPU
		{E3FA9B37-2D80-46D7-817B-CF62CFC6C0DF}.Release|Any CPU.Build.0 = Release|Any CPU
	EndGlobalSection
EndGlobal
